// !$*UTF8*$!
{
	archiveVersion = 1;
	classes = {
	};
	objectVersion = 50;
	objects = {

/* Begin PBXBuildFile section */
		608C0EE9227AEFB400960AA0 /* AppDelegate.swift in Sources */ = {isa = PBXBuildFile; fileRef = 608C0EE8227AEFB400960AA0 /* AppDelegate.swift */; };
		608C0EEB227AEFB400960AA0 /* ViewController.swift in Sources */ = {isa = PBXBuildFile; fileRef = 608C0EEA227AEFB400960AA0 /* ViewController.swift */; };
		608C0EEE227AEFB400960AA0 /* Main.storyboard in Resources */ = {isa = PBXBuildFile; fileRef = 608C0EEC227AEFB400960AA0 /* Main.storyboard */; };
		608C0EF0227AEFB600960AA0 /* Assets.xcassets in Resources */ = {isa = PBXBuildFile; fileRef = 608C0EEF227AEFB600960AA0 /* Assets.xcassets */; };
		608C0EF3227AEFB600960AA0 /* LaunchScreen.storyboard in Resources */ = {isa = PBXBuildFile; fileRef = 608C0EF1227AEFB600960AA0 /* LaunchScreen.storyboard */; };
		608C0F00227AF03500960AA0 /* MWIconFont.swift in Sources */ = {isa = PBXBuildFile; fileRef = 608C0EFF227AF03500960AA0 /* MWIconFont.swift */; };
		608C0F02227AF04500960AA0 /* iconfont.ttf in Resources */ = {isa = PBXBuildFile; fileRef = 608C0F01227AF04500960AA0 /* iconfont.ttf */; };
/* End PBXBuildFile section */

/* Begin PBXFileReference section */
		608C0EE5227AEFB400960AA0 /* IconFont.app */ = {isa = PBXFileReference; explicitFileType = wrapper.application; includeInIndex = 0; path = IconFont.app; sourceTree = BUILT_PRODUCTS_DIR; };
		608C0EE8227AEFB400960AA0 /* AppDelegate.swift */ = {isa = PBXFileReference; lastKnownFileType = sourcecode.swift; path = AppDelegate.swift; sourceTree = "<group>"; };
		608C0EEA227AEFB400960AA0 /* ViewController.swift */ = {isa = PBXFileReference; lastKnownFileType = sourcecode.swift; path = ViewController.swift; sourceTree = "<group>"; };
		608C0EED227AEFB400960AA0 /* Base */ = {isa = PBXFileReference; lastKnownFileType = file.storyboard; name = Base; path = Base.lproj/Main.storyboard; sourceTree = "<group>"; };
		608C0EEF227AEFB600960AA0 /* Assets.xcassets */ = {isa = PBXFileReference; lastKnownFileType = folder.assetcatalog; path = Assets.xcassets; sourceTree = "<group>"; };
		608C0EF2227AEFB600960AA0 /* Base */ = {isa = PBXFileReference; lastKnownFileType = file.storyboard; name = Base; path = Base.lproj/LaunchScreen.storyboard; sourceTree = "<group>"; };
		608C0EF4227AEFB600960AA0 /* Info.plist */ = {isa = PBXFileReference; lastKnownFileType = text.plist.xml; path = Info.plist; sourceTree = "<group>"; };
		608C0EFF227AF03500960AA0 /* MWIconFont.swift */ = {isa = PBXFileReference; fileEncoding = 4; lastKnownFileType = sourcecode.swift; path = MWIconFont.swift; sourceTree = "<group>"; };
		608C0F01227AF04500960AA0 /* iconfont.ttf */ = {isa = PBXFileReference; lastKnownFileType = file; path = iconfont.ttf; sourceTree = "<group>"; };
/* End PBXFileReference section */

/* Begin PBXFrameworksBuildPhase section */
		608C0EE2227AEFB400960AA0 /* Frameworks */ = {
			isa = PBXFrameworksBuildPhase;
			buildActionMask = 2147483647;
			files = (
			);
			runOnlyForDeploymentPostprocessing = 0;
		};
/* End PBXFrameworksBuildPhase section */

/* Begin PBXGroup section */
		608C0EDC227AEFB400960AA0 = {
			isa = PBXGroup;
			children = (
				608C0EE7227AEFB400960AA0 /* IconFont */,
				608C0EE6227AEFB400960AA0 /* Products */,
			);
			sourceTree = "<group>";
		};
		608C0EE6227AEFB400960AA0 /* Products */ = {
			isa = PBXGroup;
			children = (
				608C0EE5227AEFB400960AA0 /* IconFont.app */,
			);
			name = Products;
			sourceTree = "<group>";
		};
		608C0EE7227AEFB400960AA0 /* IconFont */ = {
			isa = PBXGroup;
			children = (
				608C0EFA227AEFD000960AA0 /* Utils */,
				608C0EE8227AEFB400960AA0 /* AppDelegate.swift */,
				608C0EEA227AEFB400960AA0 /* ViewController.swift */,
				608C0EEC227AEFB400960AA0 /* Main.storyboard */,
				608C0EEF227AEFB600960AA0 /* Assets.xcassets */,
				608C0EF1227AEFB600960AA0 /* LaunchScreen.storyboard */,
				608C0EF4227AEFB600960AA0 /* Info.plist */,
			);
			path = IconFont;
			sourceTree = "<group>";
		};
		608C0EFA227AEFD000960AA0 /* Utils */ = {
			isa = PBXGroup;
			children = (
				608C0F01227AF04500960AA0 /* iconfont.ttf */,
				608C0EFF227AF03500960AA0 /* MWIconFont.swift */,
			);
			path = Utils;
			sourceTree = "<group>";
		};
/* End PBXGroup section */

/* Begin PBXNativeTarget section */
		608C0EE4227AEFB400960AA0 /* IconFont */ = {
			isa = PBXNativeTarget;
			buildConfigurationList = 608C0EF7227AEFB600960AA0 /* Build configuration list for PBXNativeTarget "IconFont" */;
			buildPhases = (
				608C0EE1227AEFB400960AA0 /* Sources */,
				608C0EE2227AEFB400960AA0 /* Frameworks */,
				608C0EE3227AEFB400960AA0 /* Resources */,
			);
			buildRules = (
			);
			dependencies = (
			);
			name = IconFont;
			productName = IconFont;
			productReference = 608C0EE5227AEFB400960AA0 /* IconFont.app */;
			productType = "com.apple.product-type.application";
		};
/* End PBXNativeTarget section */

/* Begin PBXProject section */
		608C0EDD227AEFB400960AA0 /* Project object */ = {
			isa = PBXProject;
			attributes = {
				LastSwiftUpdateCheck = 1020;
				LastUpgradeCheck = 1020;
				ORGANIZATIONNAME = MYK;
				TargetAttributes = {
					608C0EE4227AEFB400960AA0 = {
						CreatedOnToolsVersion = 10.2.1;
					};
				};
			};
			buildConfigurationList = 608C0EE0227AEFB400960AA0 /* Build configuration list for PBXProject "IconFont" */;
			compatibilityVersion = "Xcode 9.3";
			developmentRegion = en;
			hasScannedForEncodings = 0;
			knownRegions = (
				en,
				Base,
			);
			mainGroup = 608C0EDC227AEFB400960AA0;
			productRefGroup = 608C0EE6227AEFB400960AA0 /* Products */;
			projectDirPath = "";
			projectRoot = "";
			targets = (
				608C0EE4227AEFB400960AA0 /* IconFont */,
			);
		};
/* End PBXProject section */

/* Begin PBXResourcesBuildPhase section */
		608C0EE3227AEFB400960AA0 /* Resources */ = {
			isa = PBXResourcesBuildPhase;
			buildActionMask = 2147483647;
			files = (
				608C0F02227AF04500960AA0 /* iconfont.ttf in Resources */,
				608C0EF3227AEFB600960AA0 /* LaunchScreen.storyboard in Resources */,
				608C0EF0227AEFB600960AA0 /* Assets.xcassets in Resources */,
				608C0EEE227AEFB400960AA0 /* Main.storyboard in Resources */,
			);
			runOnlyForDeploymentPostprocessing = 0;
		};
/* End PBXResourcesBuildPhase section */

/* Begin PBXSourcesBuildPhase section */
		608C0EE1227AEFB400960AA0 /* Sources */ = {
			isa = PBXSourcesBuildPhase;
			buildActionMask = 2147483647;
			files = (
				608C0EEB227AEFB400960AA0 /* ViewController.swift in Sources */,
				608C0EE9227AEFB400960AA0 /* AppDelegate.swift in Sources */,
				608C0F00227AF03500960AA0 /* MWIconFont.swift in Sources */,
			);
			runOnlyForDeploymentPostprocessing = 0;
		};
/* End PBXSourcesBuildPhase section */

/* Begin PBXVariantGroup section */
		608C0EEC227AEFB400960AA0 /* Main.storyboard */ = {
			isa = PBXVariantGroup;
			children = (
				608C0EED227AEFB400960AA0 /* Base */,
			);
			name = Main.storyboard;
			sourceTree = "<group>";
		};
		608C0EF1227AEFB600960AA0 /* LaunchScreen.storyboard */ = {
			isa = PBXVariantGroup;
			children = (
				608C0EF2227AEFB600960AA0 /* Base */,
			);
			name = LaunchScreen.storyboard;
			sourceTree = "<group>";
		};
/* End PBXVariantGroup section */

/* Begin XCBuildConfiguration section */
		608C0EF5227AEFB600960AA0 /* Debug */ = {
			isa = XCBuildConfiguration;
			buildSettings = {
				ALWAYS_SEARCH_USER_PATHS = NO;
				CLANG_ANALYZER_NONNULL = YES;
				CLANG_ANALYZER_NUMBER_OBJECT_CONVERSION = YES_AGGRESSIVE;
				CLANG_CXX_LANGUAGE_STANDARD = "gnu++14";
				CLANG_CXX_LIBRARY = "libc++";
				CLANG_ENABLE_MODULES = YES;
				CLANG_ENABLE_OBJC_ARC = YES;
				CLANG_ENABLE_OBJC_WEAK = YES;
				CLANG_WARN_BLOCK_CAPTURE_AUTORELEASING = YES;
				CLANG_WARN_BOOL_CONVERSION = YES;
				CLANG_WARN_COMMA = YES;
				CLANG_WARN_CONSTANT_CONVERSION = YES;
				CLANG_WARN_DEPRECATED_OBJC_IMPLEMENTATIONS = YES;
				CLANG_WARN_DIRECT_OBJC_ISA_USAGE = YES_ERROR;
				CLANG_WARN_DOCUMENTATION_COMMENTS = YES;
				CLANG_WARN_EMPTY_BODY = YES;
				CLANG_WARN_ENUM_CONVERSION = YES;
				CLANG_WARN_INFINITE_RECURSION = YES;
				CLANG_WARN_INT_CONVERSION = YES;
				CLANG_WARN_NON_LITERAL_NULL_CONVERSION = YES;
				CLANG_WARN_OBJC_IMPLICIT_RETAIN_SELF = YES;
				CLANG_WARN_OBJC_LITERAL_CONVERSION = YES;
				CLANG_WARN_OBJC_ROOT_CLASS = YES_ERROR;
				CLANG_WARN_RANGE_LOOP_ANALYSIS = YES;
				CLANG_WARN_STRICT_PROTOTYPES = YES;
				CLANG_WARN_SUSPICIOUS_MOVE = YES;
				CLANG_WARN_UNGUARDED_AVAILABILITY = YES_AGGRESSIVE;
				CLANG_WARN_UNREACHABLE_CODE = YES;
				CLANG_WARN__DUPLICATE_METHOD_MATCH = YES;
				CODE_SIGN_IDENTITY = "iPhone Developer";
				COPY_PHASE_STRIP = NO;
				DEBUG_INFORMATION_FORMAT = dwarf;
				ENABLE_STRICT_OBJC_MSGSEND = YES;
				ENABLE_TESTABILITY = YES;
				GCC_C_LANGUAGE_STANDARD = gnu11;
				GCC_DYNAMIC_NO_PIC = NO;
				GCC_NO_COMMON_BLOCKS = YES;
				GCC_OPTIMIZATION_LEVEL = 0;
				GCC_PREPROCESSOR_DEFINITIONS = (
					"DEBUG=1",
					"$(inherited)",
				);
				GCC_WARN_64_TO_32_BIT_CONVERSION = YES;
				GCC_WARN_ABOUT_RETURN_TYPE = YES_ERROR;
				GCC_WARN_UNDECLARED_SELECTOR = YES;
				GCC_WARN_UNINITIALIZED_AUTOS = YES_AGGRESSIVE;
				GCC_WARN_UNUSED_FUNCTION = YES;
				GCC_WARN_UNUSED_VARIABLE = YES;
				IPHONEOS_DEPLOYMENT_TARGET = 12.2;
				MTL_ENABLE_DEBUG_INFO = INCLUDE_SOURCE;
				MTL_FAST_MATH = YES;
				ONLY_ACTIVE_ARCH = YES;
				SDKROOT = iphoneos;
				SWIFT_ACTIVE_COMPILATION_CONDITIONS = DEBUG;
				SWIFT_OPTIMIZATION_LEVEL = "-Onone";
			};
			name = Debug;
		};
		608C0EF6227AEFB600960AA0 /* Release */ = {
			isa = XCBuildConfiguration;
			buildSettings = {
				ALWAYS_SEARCH_USER_PATHS = NO;
				CLANG_ANALYZER_NONNULL = YES;
				CLANG_ANALYZER_NUMBER_OBJECT_CONVERSION = YES_AGGRESSIVE;
				CLANG_CXX_LANGUAGE_STANDARD = "gnu++14";
				CLANG_CXX_LIBRARY = "libc++";
				CLANG_ENABLE_MODULES = YES;
				CLANG_ENABLE_OBJC_ARC = YES;
				CLANG_ENABLE_OBJC_WEAK = YES;
				CLANG_WARN_BLOCK_CAPTURE_AUTORELEASING = YES;
				CLANG_WARN_BOOL_CONVERSION = YES;
				CLANG_WARN_COMMA = YES;
				CLANG_WARN_CONSTANT_CONVERSION = YES;
				CLANG_WARN_DEPRECATED_OBJC_IMPLEMENTATIONS = YES;
				CLANG_WARN_DIRECT_OBJC_ISA_USAGE = YES_ERROR;
				CLANG_WARN_DOCUMENTATION_COMMENTS = YES;
				CLANG_WARN_EMPTY_BODY = YES;
				CLANG_WARN_ENUM_CONVERSION = YES;
				CLANG_WARN_INFINITE_RECURSION = YES;
				CLANG_WARN_INT_CONVERSION = YES;
				CLANG_WARN_NON_LITERAL_NULL_CONVERSION = YES;
				CLANG_WARN_OBJC_IMPLICIT_RETAIN_SELF = YES;
				CLANG_WARN_OBJC_LITERAL_CONVERSION = YES;
				CLANG_WARN_OBJC_ROOT_CLASS = YES_ERROR;
				CLANG_WARN_RANGE_LOOP_ANALYSIS = YES;
				CLANG_WARN_STRICT_PROTOTYPES = YES;
				CLANG_WARN_SUSPICIOUS_MOVE = YES;
				CLANG_WARN_UNGUARDED_AVAILABILITY = YES_AGGRESSIVE;
				CLANG_WARN_UNREACHABLE_CODE = YES;
				CLANG_WARN__DUPLICATE_METHOD_MATCH = YES;
				CODE_SIGN_IDENTITY = "iPhone Developer";
				COPY_PHASE_STRIP = NO;
				DEBUG_INFORMATION_FORMAT = "dwarf-with-dsym";
				ENABLE_NS_ASSERTIONS = NO;
				ENABLE_STRICT_OBJC_MSGSEND = YES;
				GCC_C_LANGUAGE_STANDARD = gnu11;
				GCC_NO_COMMON_BLOCKS = YES;
				GCC_WARN_64_TO_32_BIT_CONVERSION = YES;
				GCC_WARN_ABOUT_RETURN_TYPE = YES_ERROR;
				GCC_WARN_UNDECLARED_SELECTOR = YES;
				GCC_WARN_UNINITIALIZED_AUTOS = YES_AGGRESSIVE;
				GCC_WARN_UNUSED_FUNCTION = YES;
				GCC_WARN_UNUSED_VARIABLE = YES;
				IPHONEOS_DEPLOYMENT_TARGET = 12.2;
				MTL_ENABLE_DEBUG_INFO = NO;
				MTL_FAST_MATH = YES;
				SDKROOT = iphoneos;
				SWIFT_COMPILATION_MODE = wholemodule;
				SWIFT_OPTIMIZATION_LEVEL = "-O";
				VALIDATE_PRODUCT = YES;
			};
			name = Release;
		};
		608C0EF8227AEFB600960AA0 /* Debug */ = {
			isa = XCBuildConfiguration;
			buildSettings = {
				ASSETCATALOG_COMPILER_APPICON_NAME = AppIcon;
				CODE_SIGN_STYLE = Automatic;
				DEVELOPMENT_TEAM = 7F5YZXGNJ3;
				INFOPLIST_FILE = IconFont/Info.plist;
				LD_RUNPATH_SEARCH_PATHS = (
					"$(inherited)",
					"@executable_path/Frameworks",
				);
				PRODUCT_BUNDLE_IDENTIFIER = com.morgan.IconFont;
				PRODUCT_NAME = "$(TARGET_NAME)";
				SWIFT_VERSION = 5.0;
				TARGETED_DEVICE_FAMILY = "1,2";
			};
			name = Debug;
		};
		608C0EF9227AEFB600960AA0 /* Release */ = {
			isa = XCBuildConfiguration;
			buildSettings = {
				ASSETCATALOG_COMPILER_APPICON_NAME = AppIcon;
				CODE_SIGN_STYLE = Automatic;
				DEVELOPMENT_TEAM = 7F5YZXGNJ3;
				INFOPLIST_FILE = IconFont/Info.plist;
				LD_RUNPATH_SEARCH_PATHS = (
					"$(inherited)",
					"@executable_path/Frameworks",
				);
				PRODUCT_BUNDLE_IDENTIFIER = com.morgan.IconFont;
				PRODUCT_NAME = "$(TARGET_NAME)";
				SWIFT_VERSION = 5.0;
				TARGETED_DEVICE_FAMILY = "1,2";
			};
			name = Release;
		};
/* End XCBuildConfiguration section */

/* Begin XCConfigurationList section */
		608C0EE0227AEFB400960AA0 /* Build configuration list for PBXProject "IconFont" */ = {
			isa = XCConfigurationList;
			buildConfigurations = (
				608C0EF5227AEFB600960AA0 /* Debug */,
				608C0EF6227AEFB600960AA0 /* Release */,
			);
			defaultConfigurationIsVisible = 0;
			defaultConfigurationName = Release;
		};
		608C0EF7227AEFB600960AA0 /* Build configuration list for PBXNativeTarget "IconFont" */ = {
			isa = XCConfigurationList;
			buildConfigurations = (
				608C0EF8227AEFB600960AA0 /* Debug */,
				608C0EF9227AEFB600960AA0 /* Release */,
			);
			defaultConfigurationIsVisible = 0;
			defaultConfigurationName = Release;
		};
/* End XCConfigurationList section */
	};
	rootObject = 608C0EDD227AEFB400960AA0 /* Project object */;
}
